
Microsoft Visual Studio Solution File, Format Version 12.00
# Visual Studio Version 17
VisualStudioVersion = 17.12.35707.178
MinimumVisualStudioVersion = 10.0.40219.1
Project("{2150E333-8FDC-42A3-9474-1A3956D46DE8}") = "src", "src", "{3C8386B9-64AB-4E0C-89AB-11E71A0E8CF4}"
EndProject
Project("{2150E333-8FDC-42A3-9474-1A3956D46DE8}") = "test", "test", "{95528D9F-1BF8-4537-90E7-251EF8657AF2}"
EndProject
Project("{FAE04EC0-301F-11D3-BF4B-00C04F79EFBC}") = "DevEval.Application", "DevEval.Application\DevEval.Application.csproj", "{6FC1AE83-AED9-4DB2-B65A-58174E0B7010}"
EndProject
Project("{FAE04EC0-301F-11D3-BF4B-00C04F79EFBC}") = "DevEval.Common", "DevEval.Common\DevEval.Common.csproj", "{9741119D-FF56-4BC8-8FB0-05B6D84F0BF4}"
EndProject
Project("{FAE04EC0-301F-11D3-BF4B-00C04F79EFBC}") = "DevEval.Domain", "DevEval.Domain\DevEval.Domain.csproj", "{BF2684EA-7AB1-4E37-9702-1D3970A8805B}"
EndProject
Project("{FAE04EC0-301F-11D3-BF4B-00C04F79EFBC}") = "DevEval.IoC", "DevEval.IoC\DevEval.IoC.csproj", "{BB9E08F0-55AB-491F-8790-A10B8B9F534F}"
EndProject
Project("{FAE04EC0-301F-11D3-BF4B-00C04F79EFBC}") = "DevEval.ORM", "DevEval.ORM\DevEval.ORM.csproj", "{F5D0B409-FED3-4B33-82EC-7E7A10096E30}"
EndProject
Project("{FAE04EC0-301F-11D3-BF4B-00C04F79EFBC}") = "DevEval.WebApi", "DevEval.WebApi\DevEval.WebApi.csproj", "{0193EFD5-DE38-4199-A870-ABCED1966233}"
EndProject
Project("{FAE04EC0-301F-11D3-BF4B-00C04F79EFBC}") = "DevEval.Test", "DevEval.Test\DevEval.Test.csproj", "{7D55220D-A92D-4EEF-A192-2ECFC551390E}"
EndProject
Global
	GlobalSection(SolutionConfigurationPlatforms) = preSolution
		Debug|Any CPU = Debug|Any CPU
		Release|Any CPU = Release|Any CPU
	EndGlobalSection
	GlobalSection(ProjectConfigurationPlatforms) = postSolution
		{6FC1AE83-AED9-4DB2-B65A-58174E0B7010}.Debug|Any CPU.ActiveCfg = Debug|Any CPU
		{6FC1AE83-AED9-4DB2-B65A-58174E0B7010}.Debug|Any CPU.Build.0 = Debug|Any CPU
		{6FC1AE83-AED9-4DB2-B65A-58174E0B7010}.Release|Any CPU.ActiveCfg = Release|Any CPU
		{6FC1AE83-AED9-4DB2-B65A-58174E0B7010}.Release|Any CPU.Build.0 = Release|Any CPU
		{9741119D-FF56-4BC8-8FB0-05B6D84F0BF4}.Debug|Any CPU.ActiveCfg = Debug|Any CPU
		{9741119D-FF56-4BC8-8FB0-05B6D84F0BF4}.Debug|Any CPU.Build.0 = Debug|Any CPU
		{9741119D-FF56-4BC8-8FB0-05B6D84F0BF4}.Release|Any CPU.ActiveCfg = Release|Any CPU
		{9741119D-FF56-4BC8-8FB0-05B6D84F0BF4}.Release|Any CPU.Build.0 = Release|Any CPU
		{BF2684EA-7AB1-4E37-9702-1D3970A8805B}.Debug|Any CPU.ActiveCfg = Debug|Any CPU
		{BF2684EA-7AB1-4E37-9702-1D3970A8805B}.Debug|Any CPU.Build.0 = Debug|Any CPU
		{BF2684EA-7AB1-4E37-9702-1D3970A8805B}.Release|Any CPU.ActiveCfg = Release|Any CPU
		{BF2684EA-7AB1-4E37-9702-1D3970A8805B}.Release|Any CPU.Build.0 = Release|Any CPU
		{BB9E08F0-55AB-491F-8790-A10B8B9F534F}.Debug|Any CPU.ActiveCfg = Debug|Any CPU
		{BB9E08F0-55AB-491F-8790-A10B8B9F534F}.Debug|Any CPU.Build.0 = Debug|Any CPU
		{BB9E08F0-55AB-491F-8790-A10B8B9F534F}.Release|Any CPU.ActiveCfg = Release|Any CPU
		{BB9E08F0-55AB-491F-8790-A10B8B9F534F}.Release|Any CPU.Build.0 = Release|Any CPU
		{F5D0B409-FED3-4B33-82EC-7E7A10096E30}.Debug|Any CPU.ActiveCfg = Debug|Any CPU
		{F5D0B409-FED3-4B33-82EC-7E7A10096E30}.Debug|Any CPU.Build.0 = Debug|Any CPU
		{F5D0B409-FED3-4B33-82EC-7E7A10096E30}.Release|Any CPU.ActiveCfg = Release|Any CPU
		{F5D0B409-FED3-4B33-82EC-7E7A10096E30}.Release|Any CPU.Build.0 = Release|Any CPU
		{0193EFD5-DE38-4199-A870-ABCED1966233}.Debug|Any CPU.ActiveCfg = Debug|Any CPU
		{0193EFD5-DE38-4199-A870-ABCED1966233}.Debug|Any CPU.Build.0 = Debug|Any CPU
		{0193EFD5-DE38-4199-A870-ABCED1966233}.Release|Any CPU.ActiveCfg = Release|Any CPU
		{0193EFD5-DE38-4199-A870-ABCED1966233}.Release|Any CPU.Build.0 = Release|Any CPU
		{7D55220D-A92D-4EEF-A192-2ECFC551390E}.Debug|Any CPU.ActiveCfg = Debug|Any CPU
		{7D55220D-A92D-4EEF-A192-2ECFC551390E}.Debug|Any CPU.Build.0 = Debug|Any CPU
		{7D55220D-A92D-4EEF-A192-2ECFC551390E}.Release|Any CPU.ActiveCfg = Release|Any CPU
		{7D55220D-A92D-4EEF-A192-2ECFC551390E}.Release|Any CPU.Build.0 = Release|Any CPU
	EndGlobalSection
	GlobalSection(SolutionProperties) = preSolution
		HideSolutionNode = FALSE
	EndGlobalSection
	GlobalSection(NestedProjects) = preSolution
		{6FC1AE83-AED9-4DB2-B65A-58174E0B7010} = {3C8386B9-64AB-4E0C-89AB-11E71A0E8CF4}
		{9741119D-FF56-4BC8-8FB0-05B6D84F0BF4} = {3C8386B9-64AB-4E0C-89AB-11E71A0E8CF4}
		{BF2684EA-7AB1-4E37-9702-1D3970A8805B} = {3C8386B9-64AB-4E0C-89AB-11E71A0E8CF4}
		{BB9E08F0-55AB-491F-8790-A10B8B9F534F} = {3C8386B9-64AB-4E0C-89AB-11E71A0E8CF4}
		{F5D0B409-FED3-4B33-82EC-7E7A10096E30} = {3C8386B9-64AB-4E0C-89AB-11E71A0E8CF4}
		{0193EFD5-DE38-4199-A870-ABCED1966233} = {3C8386B9-64AB-4E0C-89AB-11E71A0E8CF4}
		{7D55220D-A92D-4EEF-A192-2ECFC551390E} = {95528D9F-1BF8-4537-90E7-251EF8657AF2}
	EndGlobalSection
EndGlobal
